
Microsoft Visual Studio Solution File, Format Version 12.00
# Visual Studio 15
VisualStudioVersion = 15.0.27703.2000
MinimumVisualStudioVersion = 10.0.40219.1
Project("{F184B08F-C81C-45F6-A57F-5ABD9991F28F}") = "Server", "Server.vbproj", "{B672DE08-269D-4AA6-8535-D3BC59BB086B}"
EndProject
Global
	GlobalSection(SolutionConfigurationPlatforms) = preSolution
		Debug|Any CPU = Debug|Any CPU
		Release|Any CPU = Release|Any CPU
	EndGlobalSection
	GlobalSection(ProjectConfigurationPlatforms) = postSolution
		{B672DE08-269D-4AA6-8535-D3BC59BB086B}.Debug|Any CPU.ActiveCfg = Debug|Any CPU
		{B672DE08-269D-4AA6-8535-D3BC59BB086B}.Debug|Any CPU.Build.0 = Debug|Any CPU
		{B672DE08-269D-4AA6-8535-D3BC59BB086B}.Release|Any CPU.ActiveCfg = Release|Any CPU
		{B672DE08-269D-4AA6-8535-D3BC59BB086B}.Release|Any CPU.Build.0 = Release|Any CPU
	EndGlobalSection
	GlobalSection(SolutionProperties) = preSolution
		HideSolutionNode = FALSE
	EndGlobalSection
	GlobalSection(ExtensibilityGlobals) = postSolution
		SolutionGuid = {1FC44D06-47F2-4E98-9609-1BAE0B51441E}
	EndGlobalSection
EndGlobal
