
Microsoft Visual Studio Solution File, Format Version 12.00
# Visual Studio 15
VisualStudioVersion = 15.0.27703.2047
MinimumVisualStudioVersion = 10.0.40219.1
Project("{F184B08F-C81C-45F6-A57F-5ABD9991F28F}") = "XMR", "XMR.vbproj", "{6E25C93C-0985-4D6E-A4C3-89D10F4F4F5F}"
EndProject
Global
	GlobalSection(SolutionConfigurationPlatforms) = preSolution
		Debug|Any CPU = Debug|Any CPU
		Release|Any CPU = Release|Any CPU
	EndGlobalSection
	GlobalSection(ProjectConfigurationPlatforms) = postSolution
		{6E25C93C-0985-4D6E-A4C3-89D10F4F4F5F}.Debug|Any CPU.ActiveCfg = Debug|Any CPU
		{6E25C93C-0985-4D6E-A4C3-89D10F4F4F5F}.Debug|Any CPU.Build.0 = Debug|Any CPU
		{6E25C93C-0985-4D6E-A4C3-89D10F4F4F5F}.Release|Any CPU.ActiveCfg = Release|Any CPU
		{6E25C93C-0985-4D6E-A4C3-89D10F4F4F5F}.Release|Any CPU.Build.0 = Release|Any CPU
	EndGlobalSection
	GlobalSection(SolutionProperties) = preSolution
		HideSolutionNode = FALSE
	EndGlobalSection
	GlobalSection(ExtensibilityGlobals) = postSolution
		SolutionGuid = {F2E993DD-C038-4491-9DD8-2DE5601DBB01}
	EndGlobalSection
EndGlobal
