
Microsoft Visual Studio Solution File, Format Version 12.00
# Visual Studio 15
VisualStudioVersion = 15.0.27130.2024
MinimumVisualStudioVersion = 10.0.40219.1
Project("{F184B08F-C81C-45F6-A57F-5ABD9991F28F}") = "Server_0.4", "Server_0.4\Server_0.4.vbproj", "{D9E36145-BEA0-4ADA-BC55-56D6C12E60CB}"
EndProject
Global
	GlobalSection(SolutionConfigurationPlatforms) = preSolution
		Debug|Any CPU = Debug|Any CPU
		Release|Any CPU = Release|Any CPU
	EndGlobalSection
	GlobalSection(ProjectConfigurationPlatforms) = postSolution
		{D9E36145-BEA0-4ADA-BC55-56D6C12E60CB}.Debug|Any CPU.ActiveCfg = Debug|Any CPU
		{D9E36145-BEA0-4ADA-BC55-56D6C12E60CB}.Debug|Any CPU.Build.0 = Debug|Any CPU
		{D9E36145-BEA0-4ADA-BC55-56D6C12E60CB}.Release|Any CPU.ActiveCfg = Release|Any CPU
		{D9E36145-BEA0-4ADA-BC55-56D6C12E60CB}.Release|Any CPU.Build.0 = Release|Any CPU
	EndGlobalSection
	GlobalSection(SolutionProperties) = preSolution
		HideSolutionNode = FALSE
	EndGlobalSection
	GlobalSection(ExtensibilityGlobals) = postSolution
		SolutionGuid = {E3D9D06A-8F48-4487-BCDC-14A07619BD44}
	EndGlobalSection
EndGlobal
