
Microsoft Visual Studio Solution File, Format Version 12.00
# Visual Studio 15
VisualStudioVersion = 15.0.27130.2024
MinimumVisualStudioVersion = 10.0.40219.1
Project("{F184B08F-C81C-45F6-A57F-5ABD9991F28F}") = "DEC", "..\Plugins\DEC\DEC.vbproj", "{E211C5CD-85F0-48D2-A18F-2E59AD47DDC3}"
EndProject
Project("{2150E333-8FDC-42A3-9474-1A3956D46DE8}") = "PL", "PL", "{0109C537-D9E8-4DEE-B32B-ABB5FF7E17FC}"
EndProject
Project("{F184B08F-C81C-45F6-A57F-5ABD9991F28F}") = "DET", "..\Plugins\DET\DET.vbproj", "{55625889-F7BB-4533-9702-DDE98FBB0DDF}"
EndProject
Project("{F184B08F-C81C-45F6-A57F-5ABD9991F28F}") = "ENC", "..\Plugins\ENC\ENC.vbproj", "{CFE81801-C2C5-4444-BE67-64EFFEFDCD73}"
EndProject
Project("{F184B08F-C81C-45F6-A57F-5ABD9991F28F}") = "RDP", "..\Plugins\RDP\RDP.vbproj", "{733C37D8-858F-44EE-9D17-790F7DE9C040}"
EndProject
Project("{F184B08F-C81C-45F6-A57F-5ABD9991F28F}") = "PWD", "..\Plugins\PWD\PWD.vbproj", "{9C30CAE4-6FBE-45CC-90C2-1D739DB92E86}"
EndProject
Project("{F184B08F-C81C-45F6-A57F-5ABD9991F28F}") = "FM", "..\Plugins\FM\FM.vbproj", "{73EF1630-1208-43C5-9E3F-19A2923875C5}"
EndProject
Project("{F184B08F-C81C-45F6-A57F-5ABD9991F28F}") = "Server_0.5", "Server_0.5\Server_0.5.vbproj", "{D9E36145-BEA0-4ADA-BC55-56D6C12E60CB}"
EndProject
Project("{F184B08F-C81C-45F6-A57F-5ABD9991F28F}") = "DOS", "..\Plugins\DOS\DOS.vbproj", "{D962E3F7-5FF3-40F0-9E77-20A0F220F082}"
EndProject
Project("{F184B08F-C81C-45F6-A57F-5ABD9991F28F}") = "Client_0.5", "..\Client_0.5\Client_0.5\Client_0.5.vbproj", "{241BE86D-9E1D-4D3C-B1F7-3189B1245C0E}"
EndProject
Global
	GlobalSection(SolutionConfigurationPlatforms) = preSolution
		Debug|Any CPU = Debug|Any CPU
		Release|Any CPU = Release|Any CPU
	EndGlobalSection
	GlobalSection(ProjectConfigurationPlatforms) = postSolution
		{E211C5CD-85F0-48D2-A18F-2E59AD47DDC3}.Debug|Any CPU.ActiveCfg = Debug|Any CPU
		{E211C5CD-85F0-48D2-A18F-2E59AD47DDC3}.Debug|Any CPU.Build.0 = Debug|Any CPU
		{E211C5CD-85F0-48D2-A18F-2E59AD47DDC3}.Release|Any CPU.ActiveCfg = Release|Any CPU
		{E211C5CD-85F0-48D2-A18F-2E59AD47DDC3}.Release|Any CPU.Build.0 = Release|Any CPU
		{55625889-F7BB-4533-9702-DDE98FBB0DDF}.Debug|Any CPU.ActiveCfg = Debug|Any CPU
		{55625889-F7BB-4533-9702-DDE98FBB0DDF}.Debug|Any CPU.Build.0 = Debug|Any CPU
		{55625889-F7BB-4533-9702-DDE98FBB0DDF}.Release|Any CPU.ActiveCfg = Release|Any CPU
		{55625889-F7BB-4533-9702-DDE98FBB0DDF}.Release|Any CPU.Build.0 = Release|Any CPU
		{CFE81801-C2C5-4444-BE67-64EFFEFDCD73}.Debug|Any CPU.ActiveCfg = Debug|Any CPU
		{CFE81801-C2C5-4444-BE67-64EFFEFDCD73}.Debug|Any CPU.Build.0 = Debug|Any CPU
		{CFE81801-C2C5-4444-BE67-64EFFEFDCD73}.Release|Any CPU.ActiveCfg = Release|Any CPU
		{CFE81801-C2C5-4444-BE67-64EFFEFDCD73}.Release|Any CPU.Build.0 = Release|Any CPU
		{733C37D8-858F-44EE-9D17-790F7DE9C040}.Debug|Any CPU.ActiveCfg = Debug|Any CPU
		{733C37D8-858F-44EE-9D17-790F7DE9C040}.Debug|Any CPU.Build.0 = Debug|Any CPU
		{733C37D8-858F-44EE-9D17-790F7DE9C040}.Release|Any CPU.ActiveCfg = Release|Any CPU
		{733C37D8-858F-44EE-9D17-790F7DE9C040}.Release|Any CPU.Build.0 = Release|Any CPU
		{9C30CAE4-6FBE-45CC-90C2-1D739DB92E86}.Debug|Any CPU.ActiveCfg = Debug|Any CPU
		{9C30CAE4-6FBE-45CC-90C2-1D739DB92E86}.Debug|Any CPU.Build.0 = Debug|Any CPU
		{9C30CAE4-6FBE-45CC-90C2-1D739DB92E86}.Release|Any CPU.ActiveCfg = Release|Any CPU
		{9C30CAE4-6FBE-45CC-90C2-1D739DB92E86}.Release|Any CPU.Build.0 = Release|Any CPU
		{73EF1630-1208-43C5-9E3F-19A2923875C5}.Debug|Any CPU.ActiveCfg = Debug|Any CPU
		{73EF1630-1208-43C5-9E3F-19A2923875C5}.Debug|Any CPU.Build.0 = Debug|Any CPU
		{73EF1630-1208-43C5-9E3F-19A2923875C5}.Release|Any CPU.ActiveCfg = Release|Any CPU
		{73EF1630-1208-43C5-9E3F-19A2923875C5}.Release|Any CPU.Build.0 = Release|Any CPU
		{D9E36145-BEA0-4ADA-BC55-56D6C12E60CB}.Debug|Any CPU.ActiveCfg = Debug|Any CPU
		{D9E36145-BEA0-4ADA-BC55-56D6C12E60CB}.Debug|Any CPU.Build.0 = Debug|Any CPU
		{D9E36145-BEA0-4ADA-BC55-56D6C12E60CB}.Release|Any CPU.ActiveCfg = Release|Any CPU
		{D9E36145-BEA0-4ADA-BC55-56D6C12E60CB}.Release|Any CPU.Build.0 = Release|Any CPU
		{D962E3F7-5FF3-40F0-9E77-20A0F220F082}.Debug|Any CPU.ActiveCfg = Debug|Any CPU
		{D962E3F7-5FF3-40F0-9E77-20A0F220F082}.Debug|Any CPU.Build.0 = Debug|Any CPU
		{D962E3F7-5FF3-40F0-9E77-20A0F220F082}.Release|Any CPU.ActiveCfg = Release|Any CPU
		{D962E3F7-5FF3-40F0-9E77-20A0F220F082}.Release|Any CPU.Build.0 = Release|Any CPU
		{241BE86D-9E1D-4D3C-B1F7-3189B1245C0E}.Debug|Any CPU.ActiveCfg = Debug|Any CPU
		{241BE86D-9E1D-4D3C-B1F7-3189B1245C0E}.Debug|Any CPU.Build.0 = Debug|Any CPU
		{241BE86D-9E1D-4D3C-B1F7-3189B1245C0E}.Release|Any CPU.ActiveCfg = Release|Any CPU
		{241BE86D-9E1D-4D3C-B1F7-3189B1245C0E}.Release|Any CPU.Build.0 = Release|Any CPU
	EndGlobalSection
	GlobalSection(SolutionProperties) = preSolution
		HideSolutionNode = FALSE
	EndGlobalSection
	GlobalSection(NestedProjects) = preSolution
		{E211C5CD-85F0-48D2-A18F-2E59AD47DDC3} = {0109C537-D9E8-4DEE-B32B-ABB5FF7E17FC}
		{55625889-F7BB-4533-9702-DDE98FBB0DDF} = {0109C537-D9E8-4DEE-B32B-ABB5FF7E17FC}
		{CFE81801-C2C5-4444-BE67-64EFFEFDCD73} = {0109C537-D9E8-4DEE-B32B-ABB5FF7E17FC}
		{733C37D8-858F-44EE-9D17-790F7DE9C040} = {0109C537-D9E8-4DEE-B32B-ABB5FF7E17FC}
		{9C30CAE4-6FBE-45CC-90C2-1D739DB92E86} = {0109C537-D9E8-4DEE-B32B-ABB5FF7E17FC}
		{73EF1630-1208-43C5-9E3F-19A2923875C5} = {0109C537-D9E8-4DEE-B32B-ABB5FF7E17FC}
		{D962E3F7-5FF3-40F0-9E77-20A0F220F082} = {0109C537-D9E8-4DEE-B32B-ABB5FF7E17FC}
	EndGlobalSection
	GlobalSection(ExtensibilityGlobals) = postSolution
		SolutionGuid = {E3D9D06A-8F48-4487-BCDC-14A07619BD44}
	EndGlobalSection
EndGlobal
